
Microsoft Visual Studio Solution File, Format Version 12.00
# Visual Studio Version 17
VisualStudioVersion = 17.9.34728.123
MinimumVisualStudioVersion = 10.0.40219.1
Project("{FAE04EC0-301F-11D3-BF4B-00C04F79EFBC}") = "WinFormsApp2", "WinFormsApp2\WinFormsApp2.csproj", "{9BF172F3-7B6A-4CC3-B0DE-A13F7B7D2CE5}"
EndProject
Global
	GlobalSection(SolutionConfigurationPlatforms) = preSolution
		Debug|Any CPU = Debug|Any CPU
		Release|Any CPU = Release|Any CPU
	EndGlobalSection
	GlobalSection(ProjectConfigurationPlatforms) = postSolution
		{9BF172F3-7B6A-4CC3-B0DE-A13F7B7D2CE5}.Debug|Any CPU.ActiveCfg = Debug|Any CPU
		{9BF172F3-7B6A-4CC3-B0DE-A13F7B7D2CE5}.Debug|Any CPU.Build.0 = Debug|Any CPU
		{9BF172F3-7B6A-4CC3-B0DE-A13F7B7D2CE5}.Release|Any CPU.ActiveCfg = Release|Any CPU
		{9BF172F3-7B6A-4CC3-B0DE-A13F7B7D2CE5}.Release|Any CPU.Build.0 = Release|Any CPU
	EndGlobalSection
	GlobalSection(SolutionProperties) = preSolution
		HideSolutionNode = FALSE
	EndGlobalSection
	GlobalSection(ExtensibilityGlobals) = postSolution
		SolutionGuid = {1AD4FCCF-2F9F-454D-A37E-846505790864}
	EndGlobalSection
EndGlobal
